
Microsoft Visual Studio Solution File, Format Version 12.00
# Visual Studio Version 17
VisualStudioVersion = 17.8.34525.116
MinimumVisualStudioVersion = 10.0.40219.1
Project("{FAE04EC0-301F-11D3-BF4B-00C04F79EFBC}") = "design_pattern_1", "design_pattern_1\design_pattern_1.csproj", "{3DE75FF5-F332-45FE-A5AB-4D21230D5497}"
EndProject
Project("{FAE04EC0-301F-11D3-BF4B-00C04F79EFBC}") = "design_pattern_2", "design_pattern_2\design_pattern_2.csproj", "{8D18BA12-810D-41F1-ABB8-6EBADB3A2439}"
EndProject
Global
	GlobalSection(SolutionConfigurationPlatforms) = preSolution
		Debug|Any CPU = Debug|Any CPU
		Release|Any CPU = Release|Any CPU
	EndGlobalSection
	GlobalSection(ProjectConfigurationPlatforms) = postSolution
		{3DE75FF5-F332-45FE-A5AB-4D21230D5497}.Debug|Any CPU.ActiveCfg = Debug|Any CPU
		{3DE75FF5-F332-45FE-A5AB-4D21230D5497}.Debug|Any CPU.Build.0 = Debug|Any CPU
		{3DE75FF5-F332-45FE-A5AB-4D21230D5497}.Release|Any CPU.ActiveCfg = Release|Any CPU
		{3DE75FF5-F332-45FE-A5AB-4D21230D5497}.Release|Any CPU.Build.0 = Release|Any CPU
		{8D18BA12-810D-41F1-ABB8-6EBADB3A2439}.Debug|Any CPU.ActiveCfg = Debug|Any CPU
		{8D18BA12-810D-41F1-ABB8-6EBADB3A2439}.Debug|Any CPU.Build.0 = Debug|Any CPU
		{8D18BA12-810D-41F1-ABB8-6EBADB3A2439}.Release|Any CPU.ActiveCfg = Release|Any CPU
		{8D18BA12-810D-41F1-ABB8-6EBADB3A2439}.Release|Any CPU.Build.0 = Release|Any CPU
	EndGlobalSection
	GlobalSection(SolutionProperties) = preSolution
		HideSolutionNode = FALSE
	EndGlobalSection
	GlobalSection(ExtensibilityGlobals) = postSolution
		SolutionGuid = {95E0B343-D903-4C60-9F37-1C4A17D032C9}
	EndGlobalSection
EndGlobal
